
Microsoft Visual Studio Solution File, Format Version 12.00
# Visual Studio Version 17
VisualStudioVersion = 17.11.35208.52
MinimumVisualStudioVersion = 10.0.40219.1
Project("{FAE04EC0-301F-11D3-BF4B-00C04F79EFBC}") = "CLVD6212_POE", "CLVD6212_POE.csproj", "{69038835-399F-4731-A55D-81BD2C0F610F}"
EndProject
Global
	GlobalSection(SolutionConfigurationPlatforms) = preSolution
		Debug|Any CPU = Debug|Any CPU
		Release|Any CPU = Release|Any CPU
	EndGlobalSection
	GlobalSection(ProjectConfigurationPlatforms) = postSolution
		{69038835-399F-4731-A55D-81BD2C0F610F}.Debug|Any CPU.ActiveCfg = Debug|Any CPU
		{69038835-399F-4731-A55D-81BD2C0F610F}.Debug|Any CPU.Build.0 = Debug|Any CPU
		{69038835-399F-4731-A55D-81BD2C0F610F}.Release|Any CPU.ActiveCfg = Release|Any CPU
		{69038835-399F-4731-A55D-81BD2C0F610F}.Release|Any CPU.Build.0 = Release|Any CPU
	EndGlobalSection
	GlobalSection(SolutionProperties) = preSolution
		HideSolutionNode = FALSE
	EndGlobalSection
	GlobalSection(ExtensibilityGlobals) = postSolution
		SolutionGuid = {12A8FE4C-3307-4E79-AE7D-CD5BF3CBBC34}
	EndGlobalSection
EndGlobal
